lockfileVersion: '9.0'

settings:
  autoInstallPeers: true
  excludeLinksFromLockfile: false

importers:

  .:
    devDependencies:
      '@types/node':
        specifier: ^18.11.9
        version: 18.17.5
      typescript:
        specifier: ^4.9.3
        version: 4.9.5

packages:

  '@types/node@18.17.5':
    resolution: {integrity: sha512-xNbS75FxH6P4UXTPUJp/zNPq6/xsfdJKussCWNOnz4aULWIRwMgP1LgaB5RiBnMX1DPCYenuqGZfnIAx5mbFLA==}

  typescript@4.9.5:
    resolution: {integrity: sha512-1FXk9E2Hm+QzZQ7z+McJiHL4NW1F2EzMu9Nq9i3zAaGqibafqYwCVU6WyWAuyQRRzOlxou8xZSyXLEN8oKj24g==}
    engines: {node: '>=4.2.0'}
    hasBin: true

snapshots:

  '@types/node@18.17.5': {}

  typescript@4.9.5: {}
